
Microsoft Visual Studio Solution File, Format Version 12.00
# Visual Studio Version 17
VisualStudioVersion = 17.14.36623.8 d17.14
MinimumVisualStudioVersion = 10.0.40219.1
Project("{FAE04EC0-301F-11D3-BF4B-00C04F79EFBC}") = "TerraMusic", "TerraMusic\TerraMusic.csproj", "{5C6CB42B-70C0-4494-9E17-9A6019FC1B12}"
EndProject
Global
	GlobalSection(SolutionConfigurationPlatforms) = preSolution
		Debug|Any CPU = Debug|Any CPU
		Release|Any CPU = Release|Any CPU
	EndGlobalSection
	GlobalSection(ProjectConfigurationPlatforms) = postSolution
		{5C6CB42B-70C0-4494-9E17-9A6019FC1B12}.Debug|Any CPU.ActiveCfg = Debug|Any CPU
		{5C6CB42B-70C0-4494-9E17-9A6019FC1B12}.Debug|Any CPU.Build.0 = Debug|Any CPU
		{5C6CB42B-70C0-4494-9E17-9A6019FC1B12}.Release|Any CPU.ActiveCfg = Release|Any CPU
		{5C6CB42B-70C0-4494-9E17-9A6019FC1B12}.Release|Any CPU.Build.0 = Release|Any CPU
	EndGlobalSection
	GlobalSection(SolutionProperties) = preSolution
		HideSolutionNode = FALSE
	EndGlobalSection
	GlobalSection(ExtensibilityGlobals) = postSolution
		SolutionGuid = {32447032-EE02-4171-896C-EE878349B92B}
	EndGlobalSection
EndGlobal
